// !$*UTF8*$!
{
	archiveVersion = 1;
	classes = {
	};
	objectVersion = 46;
	objects = {

/* Begin PBXBuildFile section */
		BEB2C28ABFFAACF367F08BFC /* libPods-FirebaseDrawing.a in Frameworks */ = {isa = PBXBuildFile; fileRef = 7A2D75830E93DD36C0F9F18B /* libPods-FirebaseDrawing.a */; };
		E1ABD92F1DDA77E0007A4E38 /* AppDelegate.swift in Sources */ = {isa = PBXBuildFile; fileRef = E1ABD92E1DDA77E0007A4E38 /* AppDelegate.swift */; };
		E1ABD9311DDA77E0007A4E38 /* ViewController.swift in Sources */ = {isa = PBXBuildFile; fileRef = E1ABD9301DDA77E0007A4E38 /* ViewController.swift */; };
		E1ABD9341DDA77E0007A4E38 /* Main.storyboard in Resources */ = {isa = PBXBuildFile; fileRef = E1ABD9321DDA77E0007A4E38 /* Main.storyboard */; };
		E1ABD9361DDA77E0007A4E38 /* Assets.xcassets in Resources */ = {isa = PBXBuildFile; fileRef = E1ABD9351DDA77E0007A4E38 /* Assets.xcassets */; };
		E1ABD9391DDA77E0007A4E38 /* LaunchScreen.storyboard in Resources */ = {isa = PBXBuildFile; fileRef = E1ABD9371DDA77E0007A4E38 /* LaunchScreen.storyboard */; };
		E1ABD9411DDA8904007A4E38 /* DrawingView.swift in Sources */ = {isa = PBXBuildFile; fileRef = E1ABD9401DDA8904007A4E38 /* DrawingView.swift */; };
/* End PBXBuildFile section */

/* Begin PBXFileReference section */
		7A2D75830E93DD36C0F9F18B /* libPods-FirebaseDrawing.a */ = {isa = PBXFileReference; explicitFileType = archive.ar; includeInIndex = 0; path = "libPods-FirebaseDrawing.a"; sourceTree = BUILT_PRODUCTS_DIR; };
		E1ABD92B1DDA77E0007A4E38 /* FirebaseDrawing.app */ = {isa = PBXFileReference; explicitFileType = wrapper.application; includeInIndex = 0; path = FirebaseDrawing.app; sourceTree = BUILT_PRODUCTS_DIR; };
		E1ABD92E1DDA77E0007A4E38 /* AppDelegate.swift */ = {isa = PBXFileReference; lastKnownFileType = sourcecode.swift; path = AppDelegate.swift; sourceTree = "<group>"; };
		E1ABD9301DDA77E0007A4E38 /* ViewController.swift */ = {isa = PBXFileReference; lastKnownFileType = sourcecode.swift; path = ViewController.swift; sourceTree = "<group>"; };
		E1ABD9331DDA77E0007A4E38 /* Base */ = {isa = PBXFileReference; lastKnownFileType = file.storyboard; name = Base; path = Base.lproj/Main.storyboard; sourceTree = "<group>"; };
		E1ABD9351DDA77E0007A4E38 /* Assets.xcassets */ = {isa = PBXFileReference; lastKnownFileType = folder.assetcatalog; path = Assets.xcassets; sourceTree = "<group>"; };
		E1ABD9381DDA77E0007A4E38 /* Base */ = {isa = PBXFileReference; lastKnownFileType = file.storyboard; name = Base; path = Base.lproj/LaunchScreen.storyboard; sourceTree = "<group>"; };
		E1ABD93A1DDA77E0007A4E38 /* Info.plist */ = {isa = PBXFileReference; lastKnownFileType = text.plist.xml; path = Info.plist; sourceTree = "<group>"; };
		E1ABD9401DDA8904007A4E38 /* DrawingView.swift */ = {isa = PBXFileReference; fileEncoding = 4; lastKnownFileType = sourcecode.swift; path = DrawingView.swift; sourceTree = "<group>"; };
		EB54BC7B7DFEA05FA46F38AC /* Pods-FirebaseDrawing.release.xcconfig */ = {isa = PBXFileReference; includeInIndex = 1; lastKnownFileType = text.xcconfig; name = "Pods-FirebaseDrawing.release.xcconfig"; path = "Pods/Target Support Files/Pods-FirebaseDrawing/Pods-FirebaseDrawing.release.xcconfig"; sourceTree = "<group>"; };
		EEF92B05AF389FB47F1F521A /* Pods-FirebaseDrawing.debug.xcconfig */ = {isa = PBXFileReference; includeInIndex = 1; lastKnownFileType = text.xcconfig; name = "Pods-FirebaseDrawing.debug.xcconfig"; path = "Pods/Target Support Files/Pods-FirebaseDrawing/Pods-FirebaseDrawing.debug.xcconfig"; sourceTree = "<group>"; };
/* End PBXFileReference section */

/* Begin PBXFrameworksBuildPhase section */
		E1ABD9281DDA77DF007A4E38 /* Frameworks */ = {
			isa = PBXFrameworksBuildPhase;
			buildActionMask = 2147483647;
			files = (
				BEB2C28ABFFAACF367F08BFC /* libPods-FirebaseDrawing.a in Frameworks */,
			);
			runOnlyForDeploymentPostprocessing = 0;
		};
/* End PBXFrameworksBuildPhase section */

/* Begin PBXGroup section */
		1DE9F475B062A7F3ABACFA08 /* Pods */ = {
			isa = PBXGroup;
			children = (
				EEF92B05AF389FB47F1F521A /* Pods-FirebaseDrawing.debug.xcconfig */,
				EB54BC7B7DFEA05FA46F38AC /* Pods-FirebaseDrawing.release.xcconfig */,
			);
			name = Pods;
			sourceTree = "<group>";
		};
		E1ABD9221DDA77DF007A4E38 = {
			isa = PBXGroup;
			children = (
				E1ABD92D1DDA77E0007A4E38 /* FirebaseDrawing */,
				E1ABD92C1DDA77E0007A4E38 /* Products */,
				1DE9F475B062A7F3ABACFA08 /* Pods */,
				FB0C7A77B7AB35FB1566A309 /* Frameworks */,
			);
			sourceTree = "<group>";
		};
		E1ABD92C1DDA77E0007A4E38 /* Products */ = {
			isa = PBXGroup;
			children = (
				E1ABD92B1DDA77E0007A4E38 /* FirebaseDrawing.app */,
			);
			name = Products;
			sourceTree = "<group>";
		};
		E1ABD92D1DDA77E0007A4E38 /* FirebaseDrawing */ = {
			isa = PBXGroup;
			children = (
				E1ABD92E1DDA77E0007A4E38 /* AppDelegate.swift */,
				E1ABD9301DDA77E0007A4E38 /* ViewController.swift */,
				E1ABD9401DDA8904007A4E38 /* DrawingView.swift */,
				E1ABD9321DDA77E0007A4E38 /* Main.storyboard */,
				E1ABD9351DDA77E0007A4E38 /* Assets.xcassets */,
				E1ABD9371DDA77E0007A4E38 /* LaunchScreen.storyboard */,
				E1ABD93A1DDA77E0007A4E38 /* Info.plist */,
			);
			path = FirebaseDrawing;
			sourceTree = "<group>";
		};
		FB0C7A77B7AB35FB1566A309 /* Frameworks */ = {
			isa = PBXGroup;
			children = (
				7A2D75830E93DD36C0F9F18B /* libPods-FirebaseDrawing.a */,
			);
			name = Frameworks;
			sourceTree = "<group>";
		};
/* End PBXGroup section */

/* Begin PBXNativeTarget section */
		E1ABD92A1DDA77DF007A4E38 /* FirebaseDrawing */ = {
			isa = PBXNativeTarget;
			buildConfigurationList = E1ABD93D1DDA77E0007A4E38 /* Build configuration list for PBXNativeTarget "FirebaseDrawing" */;
			buildPhases = (
				8D7046E3433C8569C8B4FE45 /* [CP] Check Pods Manifest.lock */,
				E1ABD9271DDA77DF007A4E38 /* Sources */,
				E1ABD9281DDA77DF007A4E38 /* Frameworks */,
				E1ABD9291DDA77DF007A4E38 /* Resources */,
				8B250814AC1C117048633F65 /* [CP] Embed Pods Frameworks */,
				FBA0CFA395143BECBA63B232 /* [CP] Copy Pods Resources */,
			);
			buildRules = (
			);
			dependencies = (
			);
			name = FirebaseDrawing;
			productName = FirebaseDrawing;
			productReference = E1ABD92B1DDA77E0007A4E38 /* FirebaseDrawing.app */;
			productType = "com.apple.product-type.application";
		};
/* End PBXNativeTarget section */

/* Begin PBXProject section */
		E1ABD9231DDA77DF007A4E38 /* Project object */ = {
			isa = PBXProject;
			attributes = {
				LastSwiftUpdateCheck = 0800;
				LastUpgradeCheck = 0800;
				ORGANIZATIONNAME = "Chris Mendez";
				TargetAttributes = {
					E1ABD92A1DDA77DF007A4E38 = {
						CreatedOnToolsVersion = 8.0;
						DevelopmentTeam = 4B48EV3P22;
						ProvisioningStyle = Automatic;
					};
				};
			};
			buildConfigurationList = E1ABD9261DDA77DF007A4E38 /* Build configuration list for PBXProject "FirebaseDrawing" */;
			compatibilityVersion = "Xcode 3.2";
			developmentRegion = English;
			hasScannedForEncodings = 0;
			knownRegions = (
				en,
				Base,
			);
			mainGroup = E1ABD9221DDA77DF007A4E38;
			productRefGroup = E1ABD92C1DDA77E0007A4E38 /* Products */;
			projectDirPath = "";
			projectRoot = "";
			targets = (
				E1ABD92A1DDA77DF007A4E38 /* FirebaseDrawing */,
			);
		};
/* End PBXProject section */

/* Begin PBXResourcesBuildPhase section */
		E1ABD9291DDA77DF007A4E38 /* Resources */ = {
			isa = PBXResourcesBuildPhase;
			buildActionMask = 2147483647;
			files = (
				E1ABD9391DDA77E0007A4E38 /* LaunchScreen.storyboard in Resources */,
				E1ABD9361DDA77E0007A4E38 /* Assets.xcassets in Resources */,
				E1ABD9341DDA77E0007A4E38 /* Main.storyboard in Resources */,
			);
			runOnlyForDeploymentPostprocessing = 0;
		};
/* End PBXResourcesBuildPhase section */

/* Begin PBXShellScriptBuildPhase section */
		8B250814AC1C117048633F65 /* [CP] Embed Pods Frameworks */ = {
			isa = PBXShellScriptBuildPhase;
			buildActionMask = 2147483647;
			files = (
			);
			inputPaths = (
			);
			name = "[CP] Embed Pods Frameworks";
			outputPaths = (
			);
			runOnlyForDeploymentPostprocessing = 0;
			shellPath = /bin/sh;
			shellScript = "\"${SRCROOT}/Pods/Target Support Files/Pods-FirebaseDrawing/Pods-FirebaseDrawing-frameworks.sh\"\n";
			showEnvVarsInLog = 0;
		};
		8D7046E3433C8569C8B4FE45 /* [CP] Check Pods Manifest.lock */ = {
			isa = PBXShellScriptBuildPhase;
			buildActionMask = 2147483647;
			files = (
			);
			inputPaths = (
			);
			name = "[CP] Check Pods Manifest.lock";
			outputPaths = (
			);
			runOnlyForDeploymentPostprocessing = 0;
			shellPath = /bin/sh;
			shellScript = "diff \"${PODS_ROOT}/../Podfile.lock\" \"${PODS_ROOT}/Manifest.lock\" > /dev/null\nif [ $? != 0 ] ; then\n    # print error to STDERR\n    echo \"error: The sandbox is not in sync with the Podfile.lock. Run 'pod install' or update your CocoaPods installation.\" >&2\n    exit 1\nfi\n";
			showEnvVarsInLog = 0;
		};
		FBA0CFA395143BECBA63B232 /* [CP] Copy Pods Resources */ = {
			isa = PBXShellScriptBuildPhase;
			buildActionMask = 2147483647;
			files = (
			);
			inputPaths = (
			);
			name = "[CP] Copy Pods Resources";
			outputPaths = (
			);
			runOnlyForDeploymentPostprocessing = 0;
			shellPath = /bin/sh;
			shellScript = "\"${SRCROOT}/Pods/Target Support Files/Pods-FirebaseDrawing/Pods-FirebaseDrawing-resources.sh\"\n";
			showEnvVarsInLog = 0;
		};
/* End PBXShellScriptBuildPhase section */

/* Begin PBXSourcesBuildPhase section */
		E1ABD9271DDA77DF007A4E38 /* Sources */ = {
			isa = PBXSourcesBuildPhase;
			buildActionMask = 2147483647;
			files = (
				E1ABD9411DDA8904007A4E38 /* DrawingView.swift in Sources */,
				E1ABD9311DDA77E0007A4E38 /* ViewController.swift in Sources */,
				E1ABD92F1DDA77E0007A4E38 /* AppDelegate.swift in Sources */,
			);
			runOnlyForDeploymentPostprocessing = 0;
		};
/* End PBXSourcesBuildPhase section */

/* Begin PBXVariantGroup section */
		E1ABD9321DDA77E0007A4E38 /* Main.storyboard */ = {
			isa = PBXVariantGroup;
			children = (
				E1ABD9331DDA77E0007A4E38 /* Base */,
			);
			name = Main.storyboard;
			sourceTree = "<group>";
		};
		E1ABD9371DDA77E0007A4E38 /* LaunchScreen.storyboard */ = {
			isa = PBXVariantGroup;
			children = (
				E1ABD9381DDA77E0007A4E38 /* Base */,
			);
			name = LaunchScreen.storyboard;
			sourceTree = "<group>";
		};
/* End PBXVariantGroup section */

/* Begin XCBuildConfiguration section */
		E1ABD93B1DDA77E0007A4E38 /* Debug */ = {
			isa = XCBuildConfiguration;
			buildSettings = {
				ALWAYS_SEARCH_USER_PATHS = NO;
				CLANG_ANALYZER_NONNULL = YES;
				CLANG_CXX_LANGUAGE_STANDARD = "gnu++0x";
				CLANG_CXX_LIBRARY = "libc++";
				CLANG_ENABLE_MODULES = YES;
				CLANG_ENABLE_OBJC_ARC = YES;
				CLANG_WARN_BOOL_CONVERSION = YES;
				CLANG_WARN_CONSTANT_CONVERSION = YES;
				CLANG_WARN_DIRECT_OBJC_ISA_USAGE = YES_ERROR;
				CLANG_WARN_DOCUMENTATION_COMMENTS = YES;
				CLANG_WARN_EMPTY_BODY = YES;
				CLANG_WARN_ENUM_CONVERSION = YES;
				CLANG_WARN_INFINITE_RECURSION = YES;
				CLANG_WARN_INT_CONVERSION = YES;
				CLANG_WARN_OBJC_ROOT_CLASS = YES_ERROR;
				CLANG_WARN_SUSPICIOUS_MOVES = YES;
				CLANG_WARN_UNREACHABLE_CODE = YES;
				CLANG_WARN__DUPLICATE_METHOD_MATCH = YES;
				"CODE_SIGN_IDENTITY[sdk=iphoneos*]" = "iPhone Developer";
				COPY_PHASE_STRIP = NO;
				DEBUG_INFORMATION_FORMAT = dwarf;
				ENABLE_STRICT_OBJC_MSGSEND = YES;
				ENABLE_TESTABILITY = YES;
				GCC_C_LANGUAGE_STANDARD = gnu99;
				GCC_DYNAMIC_NO_PIC = NO;
				GCC_NO_COMMON_BLOCKS = YES;
				GCC_OPTIMIZATION_LEVEL = 0;
				GCC_PREPROCESSOR_DEFINITIONS = (
					"DEBUG=1",
					"$(inherited)",
				);
				GCC_WARN_64_TO_32_BIT_CONVERSION = YES;
				GCC_WARN_ABOUT_RETURN_TYPE = YES_ERROR;
				GCC_WARN_UNDECLARED_SELECTOR = YES;
				GCC_WARN_UNINITIALIZED_AUTOS = YES_AGGRESSIVE;
				GCC_WARN_UNUSED_FUNCTION = YES;
				GCC_WARN_UNUSED_VARIABLE = YES;
				IPHONEOS_DEPLOYMENT_TARGET = 10.0;
				MTL_ENABLE_DEBUG_INFO = YES;
				ONLY_ACTIVE_ARCH = YES;
				SDKROOT = iphoneos;
				SWIFT_ACTIVE_COMPILATION_CONDITIONS = DEBUG;
				SWIFT_OPTIMIZATION_LEVEL = "-Onone";
				TARGETED_DEVICE_FAMILY = "1,2";
			};
			name = Debug;
		};
		E1ABD93C1DDA77E0007A4E38 /* Release */ = {
			isa = XCBuildConfiguration;
			buildSettings = {
				ALWAYS_SEARCH_USER_PATHS = NO;
				CLANG_ANALYZER_NONNULL = YES;
				CLANG_CXX_LANGUAGE_STANDARD = "gnu++0x";
				CLANG_CXX_LIBRARY = "libc++";
				CLANG_ENABLE_MODULES = YES;
				CLANG_ENABLE_OBJC_ARC = YES;
				CLANG_WARN_BOOL_CONVERSION = YES;
				CLANG_WARN_CONSTANT_CONVERSION = YES;
				CLANG_WARN_DIRECT_OBJC_ISA_USAGE = YES_ERROR;
				CLANG_WARN_DOCUMENTATION_COMMENTS = YES;
				CLANG_WARN_EMPTY_BODY = YES;
				CLANG_WARN_ENUM_CONVERSION = YES;
				CLANG_WARN_INFINITE_RECURSION = YES;
				CLANG_WARN_INT_CONVERSION = YES;
				CLANG_WARN_OBJC_ROOT_CLASS = YES_ERROR;
				CLANG_WARN_SUSPICIOUS_MOVES = YES;
				CLANG_WARN_UNREACHABLE_CODE = YES;
				CLANG_WARN__DUPLICATE_METHOD_MATCH = YES;
				"CODE_SIGN_IDENTITY[sdk=iphoneos*]" = "iPhone Developer";
				COPY_PHASE_STRIP = NO;
				DEBUG_INFORMATION_FORMAT = "dwarf-with-dsym";
				ENABLE_NS_ASSERTIONS = NO;
				ENABLE_STRICT_OBJC_MSGSEND = YES;
				GCC_C_LANGUAGE_STANDARD = gnu99;
				GCC_NO_COMMON_BLOCKS = YES;
				GCC_WARN_64_TO_32_BIT_CONVERSION = YES;
				GCC_WARN_ABOUT_RETURN_TYPE = YES_ERROR;
				GCC_WARN_UNDECLARED_SELECTOR = YES;
				GCC_WARN_UNINITIALIZED_AUTOS = YES_AGGRESSIVE;
				GCC_WARN_UNUSED_FUNCTION = YES;
				GCC_WARN_UNUSED_VARIABLE = YES;
				IPHONEOS_DEPLOYMENT_TARGET = 10.0;
				MTL_ENABLE_DEBUG_INFO = NO;
				SDKROOT = iphoneos;
				SWIFT_OPTIMIZATION_LEVEL = "-Owholemodule";
				TARGETED_DEVICE_FAMILY = "1,2";
				VALIDATE_PRODUCT = YES;
			};
			name = Release;
		};
		E1ABD93E1DDA77E0007A4E38 /* Debug */ = {
			isa = XCBuildConfiguration;
			baseConfigurationReference = EEF92B05AF389FB47F1F521A /* Pods-FirebaseDrawing.debug.xcconfig */;
			buildSettings = {
				ASSETCATALOG_COMPILER_APPICON_NAME = AppIcon;
				DEVELOPMENT_TEAM = 4B48EV3P22;
				INFOPLIST_FILE = FirebaseDrawing/Info.plist;
				IPHONEOS_DEPLOYMENT_TARGET = 9.0;
				LD_RUNPATH_SEARCH_PATHS = "$(inherited) @executable_path/Frameworks";
				PRODUCT_BUNDLE_IDENTIFIER = com.chrisjmendez.FirebaseDrawing;
				PRODUCT_NAME = "$(TARGET_NAME)";
				SWIFT_VERSION = 3.0;
			};
			name = Debug;
		};
		E1ABD93F1DDA77E0007A4E38 /* Release */ = {
			isa = XCBuildConfiguration;
			baseConfigurationReference = EB54BC7B7DFEA05FA46F38AC /* Pods-FirebaseDrawing.release.xcconfig */;
			buildSettings = {
				ASSETCATALOG_COMPILER_APPICON_NAME = AppIcon;
				DEVELOPMENT_TEAM = 4B48EV3P22;
				INFOPLIST_FILE = FirebaseDrawing/Info.plist;
				IPHONEOS_DEPLOYMENT_TARGET = 9.0;
				LD_RUNPATH_SEARCH_PATHS = "$(inherited) @executable_path/Frameworks";
				PRODUCT_BUNDLE_IDENTIFIER = com.chrisjmendez.FirebaseDrawing;
				PRODUCT_NAME = "$(TARGET_NAME)";
				SWIFT_VERSION = 3.0;
			};
			name = Release;
		};
/* End XCBuildConfiguration section */

/* Begin XCConfigurationList section */
		E1ABD9261DDA77DF007A4E38 /* Build configuration list for PBXProject "FirebaseDrawing" */ = {
			isa = XCConfigurationList;
			buildConfigurations = (
				E1ABD93B1DDA77E0007A4E38 /* Debug */,
				E1ABD93C1DDA77E0007A4E38 /* Release */,
			);
			defaultConfigurationIsVisible = 0;
			defaultConfigurationName = Release;
		};
		E1ABD93D1DDA77E0007A4E38 /* Build configuration list for PBXNativeTarget "FirebaseDrawing" */ = {
			isa = XCConfigurationList;
			buildConfigurations = (
				E1ABD93E1DDA77E0007A4E38 /* Debug */,
				E1ABD93F1DDA77E0007A4E38 /* Release */,
			);
			defaultConfigurationIsVisible = 0;
			defaultConfigurationName = Release;
		};
/* End XCConfigurationList section */
	};
	rootObject = E1ABD9231DDA77DF007A4E38 /* Project object */;
}
